
Microsoft Visual Studio Solution File, Format Version 12.00
# Visual Studio Version 17
VisualStudioVersion = 17.3.32929.385
MinimumVisualStudioVersion = 10.0.40219.1
Project("{9A19103F-16F7-4668-BE54-9A1E7A4F7556}") = "Payvast.OATest", "Test\Payvast.OATest.csproj", "{5894391B-694E-45C9-8201-8157D5625099}"
EndProject
Project("{2150E333-8FDC-42A3-9474-1A3956D46DE8}") = "Solution Items", "Solution Items", "{EE0A388D-F787-4C6B-9805-10DDD6E90038}"
EndProject
Global
	GlobalSection(SolutionConfigurationPlatforms) = preSolution
		Debug|Any CPU = Debug|Any CPU
		Release|Any CPU = Release|Any CPU
	EndGlobalSection
	GlobalSection(ProjectConfigurationPlatforms) = postSolution
		{5894391B-694E-45C9-8201-8157D5625099}.Debug|Any CPU.ActiveCfg = Debug|Any CPU
		{5894391B-694E-45C9-8201-8157D5625099}.Debug|Any CPU.Build.0 = Debug|Any CPU
		{5894391B-694E-45C9-8201-8157D5625099}.Release|Any CPU.ActiveCfg = Release|Any CPU
		{5894391B-694E-45C9-8201-8157D5625099}.Release|Any CPU.Build.0 = Release|Any CPU
	EndGlobalSection
	GlobalSection(SolutionProperties) = preSolution
		HideSolutionNode = FALSE
	EndGlobalSection
	GlobalSection(ExtensibilityGlobals) = postSolution
		SolutionGuid = {23B9A0A4-F620-4759-BC07-875472411916}
	EndGlobalSection
EndGlobal
